
Microsoft Visual Studio Solution File, Format Version 12.00
# Visual Studio Version 17
VisualStudioVersion = 17.0.31903.59
MinimumVisualStudioVersion = 10.0.40219.1
Project("{FAE04EC0-301F-11D3-BF4B-00C04F79EFBC}") = "Domain", "Domain\Domain.csproj", "{8F720C14-08B6-4AB7-B518-87A8323AD2E6}"
EndProject
Project("{FAE04EC0-301F-11D3-BF4B-00C04F79EFBC}") = "DataAccess", "DataAccess\DataAccess.csproj", "{6A872FF7-0560-49B6-905C-7FC93AE61BFF}"
EndProject
Project("{FAE04EC0-301F-11D3-BF4B-00C04F79EFBC}") = "BusinessLogic", "BusinessLogic\BusinessLogic.csproj", "{6D3BAFA6-E3A8-4DA4-AAC1-1EF2A5EDD361}"
EndProject
Project("{FAE04EC0-301F-11D3-BF4B-00C04F79EFBC}") = "Api", "Api\Api.csproj", "{E0A85A9A-317D-4154-82BE-4BE05736CE71}"
EndProject
Global
	GlobalSection(SolutionConfigurationPlatforms) = preSolution
		Debug|Any CPU = Debug|Any CPU
		Debug|x64 = Debug|x64
		Debug|x86 = Debug|x86
		Release|Any CPU = Release|Any CPU
		Release|x64 = Release|x64
		Release|x86 = Release|x86
	EndGlobalSection
	GlobalSection(ProjectConfigurationPlatforms) = postSolution
		{8F720C14-08B6-4AB7-B518-87A8323AD2E6}.Debug|Any CPU.ActiveCfg = Debug|Any CPU
		{8F720C14-08B6-4AB7-B518-87A8323AD2E6}.Debug|Any CPU.Build.0 = Debug|Any CPU
		{8F720C14-08B6-4AB7-B518-87A8323AD2E6}.Debug|x64.ActiveCfg = Debug|Any CPU
		{8F720C14-08B6-4AB7-B518-87A8323AD2E6}.Debug|x64.Build.0 = Debug|Any CPU
		{8F720C14-08B6-4AB7-B518-87A8323AD2E6}.Debug|x86.ActiveCfg = Debug|Any CPU
		{8F720C14-08B6-4AB7-B518-87A8323AD2E6}.Debug|x86.Build.0 = Debug|Any CPU
		{8F720C14-08B6-4AB7-B518-87A8323AD2E6}.Release|Any CPU.ActiveCfg = Release|Any CPU
		{8F720C14-08B6-4AB7-B518-87A8323AD2E6}.Release|Any CPU.Build.0 = Release|Any CPU
		{8F720C14-08B6-4AB7-B518-87A8323AD2E6}.Release|x64.ActiveCfg = Release|Any CPU
		{8F720C14-08B6-4AB7-B518-87A8323AD2E6}.Release|x64.Build.0 = Release|Any CPU
		{8F720C14-08B6-4AB7-B518-87A8323AD2E6}.Release|x86.ActiveCfg = Release|Any CPU
		{8F720C14-08B6-4AB7-B518-87A8323AD2E6}.Release|x86.Build.0 = Release|Any CPU
		{6A872FF7-0560-49B6-905C-7FC93AE61BFF}.Debug|Any CPU.ActiveCfg = Debug|Any CPU
		{6A872FF7-0560-49B6-905C-7FC93AE61BFF}.Debug|Any CPU.Build.0 = Debug|Any CPU
		{6A872FF7-0560-49B6-905C-7FC93AE61BFF}.Debug|x64.ActiveCfg = Debug|Any CPU
		{6A872FF7-0560-49B6-905C-7FC93AE61BFF}.Debug|x64.Build.0 = Debug|Any CPU
		{6A872FF7-0560-49B6-905C-7FC93AE61BFF}.Debug|x86.ActiveCfg = Debug|Any CPU
		{6A872FF7-0560-49B6-905C-7FC93AE61BFF}.Debug|x86.Build.0 = Debug|Any CPU
		{6A872FF7-0560-49B6-905C-7FC93AE61BFF}.Release|Any CPU.ActiveCfg = Release|Any CPU
		{6A872FF7-0560-49B6-905C-7FC93AE61BFF}.Release|Any CPU.Build.0 = Release|Any CPU
		{6A872FF7-0560-49B6-905C-7FC93AE61BFF}.Release|x64.ActiveCfg = Release|Any CPU
		{6A872FF7-0560-49B6-905C-7FC93AE61BFF}.Release|x64.Build.0 = Release|Any CPU
		{6A872FF7-0560-49B6-905C-7FC93AE61BFF}.Release|x86.ActiveCfg = Release|Any CPU
		{6A872FF7-0560-49B6-905C-7FC93AE61BFF}.Release|x86.Build.0 = Release|Any CPU
		{6D3BAFA6-E3A8-4DA4-AAC1-1EF2A5EDD361}.Debug|Any CPU.ActiveCfg = Debug|Any CPU
		{6D3BAFA6-E3A8-4DA4-AAC1-1EF2A5EDD361}.Debug|Any CPU.Build.0 = Debug|Any CPU
		{6D3BAFA6-E3A8-4DA4-AAC1-1EF2A5EDD361}.Debug|x64.ActiveCfg = Debug|Any CPU
		{6D3BAFA6-E3A8-4DA4-AAC1-1EF2A5EDD361}.Debug|x64.Build.0 = Debug|Any CPU
		{6D3BAFA6-E3A8-4DA4-AAC1-1EF2A5EDD361}.Debug|x86.ActiveCfg = Debug|Any CPU
		{6D3BAFA6-E3A8-4DA4-AAC1-1EF2A5EDD361}.Debug|x86.Build.0 = Debug|Any CPU
		{6D3BAFA6-E3A8-4DA4-AAC1-1EF2A5EDD361}.Release|Any CPU.ActiveCfg = Release|Any CPU
		{6D3BAFA6-E3A8-4DA4-AAC1-1EF2A5EDD361}.Release|Any CPU.Build.0 = Release|Any CPU
		{6D3BAFA6-E3A8-4DA4-AAC1-1EF2A5EDD361}.Release|x64.ActiveCfg = Release|Any CPU
		{6D3BAFA6-E3A8-4DA4-AAC1-1EF2A5EDD361}.Release|x64.Build.0 = Release|Any CPU
		{6D3BAFA6-E3A8-4DA4-AAC1-1EF2A5EDD361}.Release|x86.ActiveCfg = Release|Any CPU
		{6D3BAFA6-E3A8-4DA4-AAC1-1EF2A5EDD361}.Release|x86.Build.0 = Release|Any CPU
		{E0A85A9A-317D-4154-82BE-4BE05736CE71}.Debug|Any CPU.ActiveCfg = Debug|Any CPU
		{E0A85A9A-317D-4154-82BE-4BE05736CE71}.Debug|Any CPU.Build.0 = Debug|Any CPU
		{E0A85A9A-317D-4154-82BE-4BE05736CE71}.Debug|x64.ActiveCfg = Debug|Any CPU
		{E0A85A9A-317D-4154-82BE-4BE05736CE71}.Debug|x64.Build.0 = Debug|Any CPU
		{E0A85A9A-317D-4154-82BE-4BE05736CE71}.Debug|x86.ActiveCfg = Debug|Any CPU
		{E0A85A9A-317D-4154-82BE-4BE05736CE71}.Debug|x86.Build.0 = Debug|Any CPU
		{E0A85A9A-317D-4154-82BE-4BE05736CE71}.Release|Any CPU.ActiveCfg = Release|Any CPU
		{E0A85A9A-317D-4154-82BE-4BE05736CE71}.Release|Any CPU.Build.0 = Release|Any CPU
		{E0A85A9A-317D-4154-82BE-4BE05736CE71}.Release|x64.ActiveCfg = Release|Any CPU
		{E0A85A9A-317D-4154-82BE-4BE05736CE71}.Release|x64.Build.0 = Release|Any CPU
		{E0A85A9A-317D-4154-82BE-4BE05736CE71}.Release|x86.ActiveCfg = Release|Any CPU
		{E0A85A9A-317D-4154-82BE-4BE05736CE71}.Release|x86.Build.0 = Release|Any CPU
	EndGlobalSection
	GlobalSection(SolutionProperties) = preSolution
		HideSolutionNode = FALSE
	EndGlobalSection
EndGlobal
